lockfileVersion: '9.0'

settings:
  autoInstallPeers: true
  excludeLinksFromLockfile: false

time:
  '@biomejs/biome@2.4.16': 2026-05-27T13:41:35.255Z
  '@rollup/plugin-typescript@12.3.0': 2025-10-23T13:30:06.175Z
  '@sourcemeta/jsonschema@15.8.0': 2026-06-02T15:09:06.918Z
  '@types/node@24.13.1': 2026-06-05T22:33:32.207Z
  '@types/react@19.2.17': 2026-06-05T20:10:24.692Z
  '@typescript/native-preview@7.0.0-dev.20260607.1': 2026-06-07T08:00:56.259Z
  cleaner-spec-reporter@1.0.3: 2025-11-27T03:48:31.485Z
  code-block-writer@13.0.3: 2024-10-05T13:30:28.911Z
  magic-string@0.30.21: 2025-10-24T00:59:47.122Z
  monocart-coverage-reports@2.12.12: 2026-05-29T13:54:39.773Z
  pretty-ansi@4.0.0: 2026-03-30T15:53:16.317Z
  rollup-plugin-dts@6.4.1: 2026-03-21T07:41:26.539Z
  rollup@4.61.1: 2026-06-04T05:23:41.959Z
  tslib@2.8.1: 2024-10-31T22:42:48.624Z
  typescript@6.0.3: 2026-04-16T23:38:27.905Z

importers:

  .:
    devDependencies:
      '@biomejs/biome':
        specifier: ^2.4.16
        version: 2.4.16
      '@rollup/plugin-typescript':
        specifier: ^12.3.0
        version: 12.3.0(rollup@4.61.1)(tslib@2.8.1)(typescript@6.0.3)
      '@sourcemeta/jsonschema':
        specifier: ^15.8.0
        version: 15.8.0
      '@types/node':
        specifier: ^24.13.1
        version: 24.13.1
      '@types/react':
        specifier: ^19.2.17
        version: 19.2.17
      '@typescript/native-preview':
        specifier: ^7.0.0-dev.20260607.1
        version: 7.0.0-dev.20260607.1
      cleaner-spec-reporter:
        specifier: ^1.0.3
        version: 1.0.3
      code-block-writer:
        specifier: ^13.0.3
        version: 13.0.3
      magic-string:
        specifier: 0.30.21
        version: 0.30.21
      monocart-coverage-reports:
        specifier: ^2.12.12
        version: 2.12.12
      pretty-ansi:
        specifier: ^4.0.0
        version: 4.0.0
      rollup:
        specifier: ^4.61.1
        version: 4.61.1
      rollup-plugin-dts:
        specifier: ^6.4.1
        version: 6.4.1(rollup@4.61.1)(typescript@6.0.3)
      tslib:
        specifier: ^2.8.1
        version: 2.8.1
      typescript:
        specifier: ~6.0.3
        version: 6.0.3

packages:

  '@babel/code-frame@7.29.7':
    resolution: {integrity: sha512-Aup7aUOfpbAUg2ROOJN6Iw5f9DMBlzu0mIkm/malLQFN/YQgO48wCj0Kxa3sEHJvPVFg7siR+qRInwXd2qhQKw==}
    engines: {node: '>=6.9.0'}

  '@babel/helper-validator-identifier@7.29.7':
    resolution: {integrity: sha512-qehxGkRj55h/ff8EMaJ+cYhyaKlHIxqYDn682wQD7RNp9UujOQsHog2uS0r2vzr4pW+sXf90NeeayjcNaX3fFg==}
    engines: {node: '>=6.9.0'}

  '@biomejs/biome@2.4.16':
    resolution: {integrity: sha512-x9ajFh1zChVybCiM3TN6OD4phAqLgtPZjFrZF+aTMYCPjwBO+k529TX7PPsAqtGNLeV4UgzwQnowEgS7bGmzcA==}
    engines: {node: '>=14.21.3'}
    hasBin: true

  '@biomejs/cli-darwin-arm64@2.4.16':
    resolution: {integrity: sha512-wxPvu4XOA85YJk9ixSWUmq/QBHbid85BISbOAqqBM/5xQpPk9ayjk5375tOlSC0BeCwNSbPFafQBm+vBumXq0A==}
    engines: {node: '>=14.21.3'}
    os:
    - darwin
    cpu:
    - arm64

  '@biomejs/cli-linux-arm64-musl@2.4.16':
    resolution: {integrity: sha512-oYxnW0ARfJkr72ezzF2OR8N/rtkgLUQeYtF8cFhVswbknHxtTcmzSsanVJP8yQKnGpGpc2ck6c5zLvHahL6Cbg==}
    engines: {node: '>=14.21.3'}
    os:
    - linux
    cpu:
    - arm64
    libc:
    - musl

  '@biomejs/cli-linux-arm64@2.4.16':
    resolution: {integrity: sha512-2kFb4//jxfZaP6D+Rj5VkHkxgyD9EoRAVBEQb8PKRv+s4NO2zYNJKXFaJmK1CmhufJOWEfpHKaRbOja7qjmdhQ==}
    engines: {node: '>=14.21.3'}
    os:
    - linux
    cpu:
    - arm64
    libc:
    - glibc

  '@biomejs/cli-linux-x64-musl@2.4.16':
    resolution: {integrity: sha512-iHDS+MCM65DPqWGu+ECC3uoALyj2H7F4nVUPxIPjz/PIl94EUu+EDfGZDzFP+NY1EOPVt9NQvwFqq7HdMmowdg==}
    engines: {node: '>=14.21.3'}
    os:
    - linux
    cpu:
    - x64
    libc:
    - musl

  '@biomejs/cli-linux-x64@2.4.16':
    resolution: {integrity: sha512-NbcBbi/nJqn5baae6wqRXdS7Gadf2uRpehSh6vMSYpG8OhkXl/Xg8aorWrJ+9VWqAT5ml90alLvorkpMW0nBwQ==}
    engines: {node: '>=14.21.3'}
    os:
    - linux
    cpu:
    - x64
    libc:
    - glibc

  '@biomejs/cli-win32-arm64@2.4.16':
    resolution: {integrity: sha512-0rgImMsNb5v/chhkIFe3wu7PEFClS6RBAYUijGL9UsYN3PanSaoK24HSSuSJb1pYbYYVjzAyZTl3gtjJ84BM8A==}
    engines: {node: '>=14.21.3'}
    os:
    - win32
    cpu:
    - arm64

  '@biomejs/cli-win32-x64@2.4.16':
    resolution: {integrity: sha512-Kp85jgoBHa05gix6UIRjfCDiUV3w/8VIdZ247VyyO2gEjaw12WEVhdIjlxp/AMzXxqxQwbxNTDVZ3Mwd2RG5rw==}
    engines: {node: '>=14.21.3'}
    os:
    - win32
    cpu:
    - x64

  '@jridgewell/gen-mapping@0.3.13':
    resolution: {integrity: sha512-2kkt/7niJ6MgEPxF0bYdQ6etZaA+fQvDcLKckhy1yIQOzaoKjBBjSj63/aLVjYE3qhRt5dvM+uUyfCg6UKCBbA==}

  '@jridgewell/remapping@2.3.5':
    resolution: {integrity: sha512-LI9u/+laYG4Ds1TDKSJW2YPrIlcVYOwi2fUC6xB43lueCjgxV4lffOCZCtYFiH6TNOX+tQKXx97T4IKHbhyHEQ==}

  '@jridgewell/resolve-uri@3.1.2':
    resolution: {integrity: sha512-bRISgCIjP20/tbWSPWMEi54QVPRZExkuD9lJL+UIxUKtwVJA8wW1Trb1jMs1RFXo1CBTNZ/5hpC9QvmKWdopKw==}
    engines: {node: '>=6.0.0'}

  '@jridgewell/sourcemap-codec@1.5.5':
    resolution: {integrity: sha512-cYQ9310grqxueWbl+WuIUIaiUaDcj7WOq5fVhEljNVgRfOUhY9fy2zTvfoqWsnebh8Sl70VScFbICvJnLKB0Og==}

  '@jridgewell/trace-mapping@0.3.31':
    resolution: {integrity: sha512-zzNR+SdQSDJzc8joaeP8QQoCQr8NuYx2dIIytl1QeBEZHJ9uW6hebsrYgbz8hJwUQao3TWCMtmfV8Nu1twOLAw==}

  '@rollup/plugin-typescript@12.3.0':
    resolution: {integrity: sha512-7DP0/p7y3t67+NabT9f8oTBFE6gGkto4SA6Np2oudYmZE/m1dt8RB0SjL1msMxFpLo631qjRCcBlAbq1ml/Big==}
    engines: {node: '>=14.0.0'}
    peerDependencies:
      rollup: ^2.14.0||^3.0.0||^4.0.0
      tslib: '*'
      typescript: '>=3.7.0'
    peerDependenciesMeta:
      rollup:
        optional: true
      tslib:
        optional: true

  '@rollup/pluginutils@5.4.0':
    resolution: {integrity: sha512-MfPp06CjRLfXQ3wY0R8vJDYBy/MvVcc9OulEfR0B8Iv9ko+GCNaRZ+EpJYFl27LhKsZK0o420sYCRHCjfCgeUg==}
    engines: {node: '>=14.0.0'}
    peerDependencies:
      rollup: ^1.20.0||^2.0.0||^3.0.0||^4.0.0
    peerDependenciesMeta:
      rollup:
        optional: true

  '@rollup/rollup-darwin-arm64@4.61.1':
    resolution: {integrity: sha512-0F1L/Z3Eqv8mT2n3dCpeO8GcTvHvVqkP5/t6DMsn0KzhYVcg+s7Ncl5DS8qjKYEeio6Az0Gt6nyBORay5qIlCA==}
    os:
    - darwin
    cpu:
    - arm64

  '@rollup/rollup-linux-arm64-gnu@4.61.1':
    resolution: {integrity: sha512-x5Xr49hwt3hdW75UOZm3395YwwzPyauktslv29KpWL/T+vVAzoT3azLcTWv0eMciBNrx+DYjH4paehHoLpPvpg==}
    os:
    - linux
    cpu:
    - arm64
    libc:
    - glibc

  '@rollup/rollup-linux-arm64-musl@4.61.1':
    resolution: {integrity: sha512-unMS3H73DpaoPyyEVPjGKleM/s0mkmsauTENpw4INQY8y4+IuLNjkueQ5QCtC0D3N38Y38yhAU8OoZ20S2Tm6w==}
    os:
    - linux
    cpu:
    - arm64
    libc:
    - musl

  '@rollup/rollup-linux-x64-gnu@4.61.1':
    resolution: {integrity: sha512-bVWIOIk6pV01p4CdUbPP7CJ/434z+OooYjDuFcR+44N35YvKUC66G8MGnvcWx5mWKW3g61J+t74l3Kj15Kwn2Q==}
    os:
    - linux
    cpu:
    - x64
    libc:
    - glibc

  '@rollup/rollup-linux-x64-musl@4.61.1':
    resolution: {integrity: sha512-qy5pBvZbqNFheBz61R1rzsezjm0J7O2oNGoWtGoY89SZYLUfxAJTBAqDChqAIdB4rCiIbi9nF7yZ83GnNiLwSw==}
    os:
    - linux
    cpu:
    - x64
    libc:
    - musl

  '@rollup/rollup-win32-arm64-msvc@4.61.1':
    resolution: {integrity: sha512-ArMl38iVAbk0New1ogihQNY6iphLi4ZaRsa037gUzv5yeKPY8TD3Dmy4x2RNC1VztU/uqm+G+/RwFrSka3Oy2g==}
    os:
    - win32
    cpu:
    - arm64

  '@rollup/rollup-win32-x64-gnu@4.61.1':
    resolution: {integrity: sha512-gK1iCEPfpoSG9wfBihXxvBMi8ZfcWffYkEsC/Eih+iFENTaewvNcrEQ69lIOWYO5pePHKLHHO7nq5AILGO/HQQ==}
    os:
    - win32
    cpu:
    - x64

  '@rollup/rollup-win32-x64-msvc@4.61.1':
    resolution: {integrity: sha512-X+zaP2x+j4RXGfbp/seSoRHWnPxzApilDszisZxbYH5C/jTxFhCtDNdPGZb9lJyYPs24wGxruPF7Y+sIXt9Gzw==}
    os:
    - win32
    cpu:
    - x64

  '@sourcemeta/jsonschema@15.8.0':
    resolution: {integrity: sha512-j4MPNK3Mqg9rHIhU87pKUB04sGR2A3I9JKVxVivCz4IwNjhemtNILJoH5NwB6ulDVrrtvo3rC8rED8sy+fx57A==}
    engines: {node: '>=16'}
    os:
    - darwin
    - linux
    - win32
    cpu:
    - x64
    - arm64
    hasBin: true

  '@types/estree@1.0.9':
    resolution: {integrity: sha512-GhdPgy1el4/ImP05X05Uw4cw2/M93BCUmnEvWZNStlCzEKME4Fkk+YpoA5OiHNQmoS7Cafb8Xa3Pya8m1Qrzeg==}

  '@types/node@24.13.1':
    resolution: {integrity: sha512-RSpUJGmvsJ1ZeBehQZFhIdpsz+bIpES0nIQXko4Ybq+N+kX6XvOq3Jo+iJ82FWLdblFq85AsMikd3m35jgezYg==}

  '@types/react@19.2.17':
    resolution: {integrity: sha512-MXfmqaVPEVgkBT/aY0aGCkRWWtByiYQXo3xdQ8r5RzuFrPiRn8Gar2tQdXSUQ2GKV3bkXckek89V8wQBY2Q/Aw==}

  '@typescript/native-preview-darwin-arm64@7.0.0-dev.20260607.1':
    resolution: {integrity: sha512-7t6tPrvxiHTCL8Ye8H/XZDceUB/UTXerghIEBiVjoEvPK6AYxxqOB0vEhKGRhlCkUd3kQAcKQuda/SK63hBkTQ==}
    engines: {node: '>=16.20.0'}
    os:
    - darwin
    cpu:
    - arm64

  '@typescript/native-preview-linux-arm64@7.0.0-dev.20260607.1':
    resolution: {integrity: sha512-OAJi5GpueqRVGrtDn/N8uNRriD1OX1jvJf3GyYNMKdWw4ZAArYKAmLU0ZY4rEDj4oIV2RAHf1IGVQesCBcWqIw==}
    engines: {node: '>=16.20.0'}
    os:
    - linux
    cpu:
    - arm64

  '@typescript/native-preview-linux-x64@7.0.0-dev.20260607.1':
    resolution: {integrity: sha512-TGdfapfCFj4hl9M1/5oG6wjjhfoFviiMLru3a7ib63ozQwMDraJNqPrJuQ0tvVAoSMJb1wtVbvg7yYMml/KPLg==}
    engines: {node: '>=16.20.0'}
    os:
    - linux
    cpu:
    - x64

  '@typescript/native-preview-win32-arm64@7.0.0-dev.20260607.1':
    resolution: {integrity: sha512-tOEn/EC0nRnz7JHfDWwXmmBkU4dt8wdU/jYyJTOlkEhxfJtAJTjVmo4AUHwzLyV9KGIzvfymTKrQPTnD0p9ACA==}
    engines: {node: '>=16.20.0'}
    os:
    - win32
    cpu:
    - arm64

  '@typescript/native-preview-win32-x64@7.0.0-dev.20260607.1':
    resolution: {integrity: sha512-SBWFFs+MglgDrx8lh37uFHVQcljN09Z/D8Z+YwykMVKtYEIGM/i5WzS8Xpiegm9Vcqu3HTkuAfjQfy6X5MsqnA==}
    engines: {node: '>=16.20.0'}
    os:
    - win32
    cpu:
    - x64

  '@typescript/native-preview@7.0.0-dev.20260607.1':
    resolution: {integrity: sha512-+DBR9iyRZiUNhJI2CqFluJLxKl3xkBGFFCADiy63pCpLVCCNuffunRhcxQ2vhnLnM3dBDoqOHE4ekKg0GfaS/Q==}
    engines: {node: '>=16.20.0'}
    hasBin: true

  acorn-loose@8.5.2:
    resolution: {integrity: sha512-PPvV6g8UGMGgjrMu+n/f9E/tCSkNQ2Y97eFvuVdJfG11+xdIeDcLyNdC8SHcrHbRqkfwLASdplyR6B6sKM1U4A==}
    engines: {node: '>=0.4.0'}

  acorn-walk@8.3.5:
    resolution: {integrity: sha512-HEHNfbars9v4pgpW6SO1KSPkfoS0xVOM/9UzkJltjlsHZmJasxg8aXkuZa7SMf8vKGIBhpUsPluQSqhJFCqebw==}
    engines: {node: '>=0.4.0'}

  acorn@8.16.0:
    resolution: {integrity: sha512-UVJyE9MttOsBQIDKw1skb9nAwQuR5wuGD3+82K6JgJlm/Y+KI92oNsMNGZCYdDsVtRHSak0pcV5Dno5+4jh9sw==}
    engines: {node: '>=0.4.0'}
    hasBin: true

  cleaner-spec-reporter@1.0.3:
    resolution: {integrity: sha512-LgsmrqWRVLcfpyom+A50ukifqg0To+G3UJwKLg/C9r+flm+3MZQQe2MpX4T1fRhMV9VPe+8JuTkGU2gp375G2A==}
    engines: {node: '>= 22.21.0'}

  code-block-writer@13.0.3:
    resolution: {integrity: sha512-Oofo0pq3IKnsFtuHqSF7TqBfr71aeyZDVJ0HpmqB7FBM2qEigL0iPONSCZSO9pE9dZTAxANe5XHG9Uy0YMv8cg==}

  commander@14.0.3:
    resolution: {integrity: sha512-H+y0Jo/T1RZ9qPP4Eh1pkcQcLRglraJaSLoyOtHxu6AapkjWVCy2Sit1QQ4x3Dng8qDlSsZEet7g5Pq06MvTgw==}
    engines: {node: '>=20'}

  console-grid@2.2.4:
    resolution: {integrity: sha512-OLjCRTiHhOpTRo9lQp/2FgJDyq5uQHwkEmVJulEnQ6JVf27oKKzXHZnNOv/e72V4++UdMZCrDWtvXW5sx4lyQg==}

  convert-source-map@2.0.0:
    resolution: {integrity: sha512-Kvp459HrV2FEJ1CAsi1Ku+MY3kasH19TFykTz2xWmMeq6bk2NU3XXvfJ+Q61m0xktWwt+1HSYf3JZsTms3aRJg==}

  csstype@3.2.3:
    resolution: {integrity: sha512-z1HGKcYy2xA8AGQfwrn0PAy+PB7X/GSj3UVJW9qKyn43xWa+gl5nXmU4qqLMRzWVLFC8KusUX8T/0kCiOYpAIQ==}

  eight-colors@1.3.3:
    resolution: {integrity: sha512-4B54S2Qi4pJjeHmCbDIsveQZWQ/TSSQng4ixYJ9/SYHHpeS5nYK0pzcHvWzWUfRsvJQjwoIENhAwqg59thQceg==}

  es-errors@1.3.0:
    resolution: {integrity: sha512-Zf5H2Kxt2xjTvbJvP2ZWLEICxA6j+hAmMzIlypy4xcBg1vKVnx89Wy0GbS+kf5cwCVFFzdCFh2XSCFNULS6csw==}
    engines: {node: '>= 0.4'}

  estree-walker@2.0.2:
    resolution: {integrity: sha512-Rfkk/Mp/DL7JVje3u18FxFujQlTNR2q6QfMSMB7AvCBx91NGj/ba3kCfza0f6dVDbw7YlRf/nDrn7pQrCCyQ/w==}

  foreground-child@4.0.3:
    resolution: {integrity: sha512-yeXZaNbCBGaT9giTpLPBdtedzjwhlJBUoL/R4BVQU5mn0TQXOHwVIl1Q2DMuBIdNno4ktA1abZ7dQFVxD6uHxw==}
    engines: {node: '>=16'}

  fsevents@2.3.3:
    resolution: {integrity: sha512-5xoDfX+fL7faATnagmWPpbFtwh/R77WmMMqqHGS65C3vvB0YHrgF+B1YmZ3441tMj5n63k0212XNoJwzlhffQw==}
    engines: {node: ^8.16.0 || ^10.6.0 || >=11.0.0}
    os:
    - darwin

  function-bind@1.1.2:
    resolution: {integrity: sha512-7XHNxH7qX9xG5mIwxkhumTox/MIRNcOgDrxWsMt2pAr23WHp6MrRlN7FBSFpCpr+oVO0F744iUgR82nJMfG2SA==}

  has-flag@4.0.0:
    resolution: {integrity: sha512-EykJT/Q1KjTWctppgIAgfSO0tKVuZUjhgMr17kqTumMl6Afv3EISleU7qZUzoXDFTAHTDC4NOoG/ZxU3EvlMPQ==}
    engines: {node: '>=8'}

  hasown@2.0.4:
    resolution: {integrity: sha512-T2UbfbBEF32wiepXIsMlTW9+dDYC6wMh/t/vYA4tuOMKqWz/n3vr1NFSxQiyP+zk2mXsoMA/i/7qV6LKut1t1A==}
    engines: {node: '>= 0.4'}

  html-escaper@2.0.2:
    resolution: {integrity: sha512-H2iMtd0I4Mt5eYiapRdIDjp+XzelXQ0tFE4JS7YFwFevXXMmOp9myNrUvCg0D6ws8iqkRPBfKHgbwig1SmlLfg==}

  is-core-module@2.16.2:
    resolution: {integrity: sha512-evOr8xfXKxE6qSR0hSXL2r3sd7ALj8+7jQEUvPYcm5sgZFdJ+AYzT6yNmJenvIYQBgIGwfwz08sL8zoL7yq2BA==}
    engines: {node: '>= 0.4'}

  istanbul-lib-coverage@3.2.2:
    resolution: {integrity: sha512-O8dpsF+r0WV/8MNRKfnmrtCWhuKjxrq2w+jpzBL5UZKTi2LeVWnWOmWRxFlesJONmc+wLAGvKQZEOanko0LFTg==}
    engines: {node: '>=8'}

  istanbul-lib-report@3.0.1:
    resolution: {integrity: sha512-GCfE1mtsHGOELCU8e/Z7YWzpmybrx/+dSTfLrvY8qRmaY6zXTKWn6WQIjaAFw069icm6GVMNkgu0NzI4iPZUNw==}
    engines: {node: '>=10'}

  istanbul-reports@3.2.0:
    resolution: {integrity: sha512-HGYWWS/ehqTV3xN10i23tkPkpH46MLCIMFNCaaKNavAXTF1RkqxawEPtnjnGZ6XKSInBKkiOA5BKS+aZiY3AvA==}
    engines: {node: '>=8'}

  js-tokens@4.0.0:
    resolution: {integrity: sha512-RdJUflcE3cUzKiMqQgsCu06FPu9UdIJO0beYbPhHN4k6apgJtifcoCtT9bcxOpYBtpD2kCM6Sbzg4CausW/PKQ==}

  lz-utils@2.1.1:
    resolution: {integrity: sha512-d3Thjos0PSJQAoyMj6vipSSrtrRHS7DImqUNR8x9NW3+zQIftPIbMJAWhi5nPdg5Q9zHz6lxtN8kp/VdMlhi/Q==}

  magic-string@0.30.21:
    resolution: {integrity: sha512-vd2F4YUyEXKGcLHoq+TEyCjxueSeHnFxyyjNp80yg0XV4vUhnDer/lvvlqM/arB5bXQN5K2/3oinyCRyx8T2CQ==}

  make-dir@4.0.0:
    resolution: {integrity: sha512-hXdUTZYIVOt1Ex//jAQi+wTZZpUpwBj/0QsOzqegb3rGMMeJiSEu5xLHnYfBrRV4RH2+OCSOO95Is/7x1WJ4bw==}
    engines: {node: '>=10'}

  monocart-coverage-reports@2.12.12:
    resolution: {integrity: sha512-d9FdUr2dn58Crweon0IE0zVi8r/i4vLvfvb2G7eL5vL5LfrxCB2X6F6qzuiwV6RioA4zbAI//7CYi6LjCvN3zA==}
    hasBin: true

  monocart-locator@1.0.3:
    resolution: {integrity: sha512-pe29W2XAoA1WQmZZqxXoP7s06ZEXUhcb81086v68cqjk1HnVL7Q/iU/WJnnetxjPcLqwb4qG8vaSGUOMQU602g==}

  path-parse@1.0.7:
    resolution: {integrity: sha512-LDJzPVEEEPR+y48z93A0Ed0yXb8pAByGWo/k5YYdYgpY2/2EsOsksJrq7lOHxryrVOn1ejG6oAp8ahvOIQD8sw==}

  picocolors@1.1.1:
    resolution: {integrity: sha512-xceH2snhtb5M9liqDsmEw56le376mTZkEX/jEb/RxNFyegNul7eNslCXP9FDj/Lcu0X8KEyMceP2ntpaHrDEVA==}

  picomatch@4.0.4:
    resolution: {integrity: sha512-QP88BAKvMam/3NxH6vj2o21R6MjxZUAd6nlwAS/pnGvN9IVLocLHxGYIzFhg6fUQ+5th6P4dv4eW9jX3DSIj7A==}
    engines: {node: '>=12'}

  pretty-ansi@4.0.0:
    resolution: {integrity: sha512-e+hWevDKx5BWF9nGpWssm6rSTynBbD9aIvuySBSpormiLR3pmR+ey2DVUILVHcKgHEHLm5lEzIHLEtyhO8oEdw==}
    engines: {node: '>=20'}

  resolve@1.22.12:
    resolution: {integrity: sha512-TyeJ1zif53BPfHootBGwPRYT1RUt6oGWsaQr8UyZW/eAm9bKoijtvruSDEmZHm92CwS9nj7/fWttqPCgzep8CA==}
    engines: {node: '>= 0.4'}
    hasBin: true

  rollup-plugin-dts@6.4.1:
    resolution: {integrity: sha512-l//F3Zf7ID5GoOfLfD8kroBjQKEKpy1qfhtAdnpibFZMffPaylrg1CoDC2vGkPeTeyxUe4bVFCln2EFuL7IGGg==}
    engines: {node: '>=20'}
    peerDependencies:
      rollup: ^3.29.4 || ^4
      typescript: ^4.5 || ^5.0 || ^6.0

  rollup@4.61.1:
    resolution: {integrity: sha512-I4KW6iuRpuu2uHBLraZ1wNZe0DP7lnRha+VJ9tNaYVaVgKhW0aI3h4RYnoRPeql0flHm/Co55b7snEDcOfOJrA==}
    engines: {node: '>=18.0.0', npm: '>=8.0.0'}
    hasBin: true

  semver@7.8.2:
    resolution: {integrity: sha512-c8jsqUZm3omBOI66G90z1Dyw5z622G8oLG+omfsHBJf3CWQTlOcwOjvOG6wtiNfW6anKm/eA39LMwMtMez2TiQ==}
    engines: {node: '>=10'}
    hasBin: true

  signal-exit@4.1.0:
    resolution: {integrity: sha512-bzyZ1e88w9O1iNJbKnOlvYTrWPDl46O1bG0D3XInv+9tkPrxrN8jUUTiFlDkkmKWgn1M6CfIA13SuGqOa9Korw==}
    engines: {node: '>=14'}

  supports-color@7.2.0:
    resolution: {integrity: sha512-qpCAvRl9stuOHveKsn7HncJRvv501qIacKzQlO/+Lwxc9+0q2wLyv4Dfvt80/DPn2pqOBsJdDiogXGR9+OvwRw==}
    engines: {node: '>=8'}

  supports-preserve-symlinks-flag@1.0.0:
    resolution: {integrity: sha512-ot0WnXS9fgdkgIcePe6RHNk1WA8+muPa6cSjeR3V8K27q9BB1rTE3R1p7Hv0z1ZyAc8s6Vvv8DIyWf681MAt0w==}
    engines: {node: '>= 0.4'}

  tslib@2.8.1:
    resolution: {integrity: sha512-oJFu94HQb+KVduSUQL7wnpmqnfmLsOA/nAh6b6EH0wCEoK0/mPeXU6c3wKDV83MkOuHPRHtSXKKU99IBazS/2w==}

  typescript@6.0.3:
    resolution: {integrity: sha512-y2TvuxSZPDyQakkFRPZHKFm+KKVqIisdg9/CZwm9ftvKXLP8NRWj38/ODjNbr43SsoXqNuAisEf1GdCxqWcdBw==}
    engines: {node: '>=14.17'}
    hasBin: true

  undici-types@7.18.2:
    resolution: {integrity: sha512-AsuCzffGHJybSaRrmr5eHr81mwJU3kjw6M+uprWvCXiNeN9SOGwQ3Jn8jb8m3Z6izVgknn1R0FTCEAP2QrLY/w==}

snapshots:

  '@babel/code-frame@7.29.7':
    dependencies:
      '@babel/helper-validator-identifier': 7.29.7
      js-tokens: 4.0.0
      picocolors: 1.1.1

  '@babel/helper-validator-identifier@7.29.7': {}

  '@biomejs/biome@2.4.16':
    optionalDependencies:
      '@biomejs/cli-darwin-arm64': 2.4.16
      '@biomejs/cli-linux-arm64': 2.4.16
      '@biomejs/cli-linux-arm64-musl': 2.4.16
      '@biomejs/cli-linux-x64': 2.4.16
      '@biomejs/cli-linux-x64-musl': 2.4.16
      '@biomejs/cli-win32-arm64': 2.4.16
      '@biomejs/cli-win32-x64': 2.4.16

  '@biomejs/cli-darwin-arm64@2.4.16': {}

  '@biomejs/cli-linux-arm64-musl@2.4.16': {}

  '@biomejs/cli-linux-arm64@2.4.16': {}

  '@biomejs/cli-linux-x64-musl@2.4.16': {}

  '@biomejs/cli-linux-x64@2.4.16': {}

  '@biomejs/cli-win32-arm64@2.4.16': {}

  '@biomejs/cli-win32-x64@2.4.16': {}

  '@jridgewell/gen-mapping@0.3.13':
    dependencies:
      '@jridgewell/sourcemap-codec': 1.5.5
      '@jridgewell/trace-mapping': 0.3.31

  '@jridgewell/remapping@2.3.5':
    dependencies:
      '@jridgewell/gen-mapping': 0.3.13
      '@jridgewell/trace-mapping': 0.3.31

  '@jridgewell/resolve-uri@3.1.2': {}

  '@jridgewell/sourcemap-codec@1.5.5': {}

  '@jridgewell/trace-mapping@0.3.31':
    dependencies:
      '@jridgewell/resolve-uri': 3.1.2
      '@jridgewell/sourcemap-codec': 1.5.5

  '@rollup/plugin-typescript@12.3.0(rollup@4.61.1)(tslib@2.8.1)(typescript@6.0.3)':
    dependencies:
      '@rollup/pluginutils': 5.4.0(rollup@4.61.1)
      resolve: 1.22.12
      rollup: 4.61.1
      tslib: 2.8.1
      typescript: 6.0.3

  '@rollup/pluginutils@5.4.0(rollup@4.61.1)':
    dependencies:
      '@types/estree': 1.0.9
      estree-walker: 2.0.2
      picomatch: 4.0.4
      rollup: 4.61.1

  '@rollup/rollup-darwin-arm64@4.61.1': {}

  '@rollup/rollup-linux-arm64-gnu@4.61.1': {}

  '@rollup/rollup-linux-arm64-musl@4.61.1': {}

  '@rollup/rollup-linux-x64-gnu@4.61.1': {}

  '@rollup/rollup-linux-x64-musl@4.61.1': {}

  '@rollup/rollup-win32-arm64-msvc@4.61.1': {}

  '@rollup/rollup-win32-x64-gnu@4.61.1': {}

  '@rollup/rollup-win32-x64-msvc@4.61.1': {}

  '@sourcemeta/jsonschema@15.8.0': {}

  '@types/estree@1.0.9': {}

  '@types/node@24.13.1':
    dependencies:
      undici-types: 7.18.2

  '@types/react@19.2.17':
    dependencies:
      csstype: 3.2.3

  '@typescript/native-preview-darwin-arm64@7.0.0-dev.20260607.1': {}

  '@typescript/native-preview-linux-arm64@7.0.0-dev.20260607.1': {}

  '@typescript/native-preview-linux-x64@7.0.0-dev.20260607.1': {}

  '@typescript/native-preview-win32-arm64@7.0.0-dev.20260607.1': {}

  '@typescript/native-preview-win32-x64@7.0.0-dev.20260607.1': {}

  '@typescript/native-preview@7.0.0-dev.20260607.1':
    optionalDependencies:
      '@typescript/native-preview-darwin-arm64': 7.0.0-dev.20260607.1
      '@typescript/native-preview-linux-arm64': 7.0.0-dev.20260607.1
      '@typescript/native-preview-linux-x64': 7.0.0-dev.20260607.1
      '@typescript/native-preview-win32-arm64': 7.0.0-dev.20260607.1
      '@typescript/native-preview-win32-x64': 7.0.0-dev.20260607.1

  acorn-loose@8.5.2:
    dependencies:
      acorn: 8.16.0

  acorn-walk@8.3.5:
    dependencies:
      acorn: 8.16.0

  acorn@8.16.0: {}

  cleaner-spec-reporter@1.0.3: {}

  code-block-writer@13.0.3: {}

  commander@14.0.3: {}

  console-grid@2.2.4: {}

  convert-source-map@2.0.0: {}

  csstype@3.2.3: {}

  eight-colors@1.3.3: {}

  es-errors@1.3.0: {}

  estree-walker@2.0.2: {}

  foreground-child@4.0.3:
    dependencies:
      signal-exit: 4.1.0

  fsevents@2.3.3: {}

  function-bind@1.1.2: {}

  has-flag@4.0.0: {}

  hasown@2.0.4:
    dependencies:
      function-bind: 1.1.2

  html-escaper@2.0.2: {}

  is-core-module@2.16.2:
    dependencies:
      hasown: 2.0.4

  istanbul-lib-coverage@3.2.2: {}

  istanbul-lib-report@3.0.1:
    dependencies:
      istanbul-lib-coverage: 3.2.2
      make-dir: 4.0.0
      supports-color: 7.2.0

  istanbul-reports@3.2.0:
    dependencies:
      html-escaper: 2.0.2
      istanbul-lib-report: 3.0.1

  js-tokens@4.0.0: {}

  lz-utils@2.1.1: {}

  magic-string@0.30.21:
    dependencies:
      '@jridgewell/sourcemap-codec': 1.5.5

  make-dir@4.0.0:
    dependencies:
      semver: 7.8.2

  monocart-coverage-reports@2.12.12:
    dependencies:
      acorn: 8.16.0
      acorn-loose: 8.5.2
      acorn-walk: 8.3.5
      commander: 14.0.3
      console-grid: 2.2.4
      eight-colors: 1.3.3
      foreground-child: 4.0.3
      istanbul-lib-coverage: 3.2.2
      istanbul-lib-report: 3.0.1
      istanbul-reports: 3.2.0
      lz-utils: 2.1.1
      monocart-locator: 1.0.3

  monocart-locator@1.0.3: {}

  path-parse@1.0.7: {}

  picocolors@1.1.1: {}

  picomatch@4.0.4: {}

  pretty-ansi@4.0.0: {}

  resolve@1.22.12:
    dependencies:
      es-errors: 1.3.0
      is-core-module: 2.16.2
      path-parse: 1.0.7
      supports-preserve-symlinks-flag: 1.0.0

  rollup-plugin-dts@6.4.1(rollup@4.61.1)(typescript@6.0.3):
    dependencies:
      '@jridgewell/remapping': 2.3.5
      '@jridgewell/sourcemap-codec': 1.5.5
      convert-source-map: 2.0.0
      magic-string: 0.30.21
      rollup: 4.61.1
      typescript: 6.0.3
    optionalDependencies:
      '@babel/code-frame': 7.29.7

  rollup@4.61.1:
    dependencies:
      '@types/estree': 1.0.9
    optionalDependencies:
      '@rollup/rollup-darwin-arm64': 4.61.1
      '@rollup/rollup-linux-arm64-gnu': 4.61.1
      '@rollup/rollup-linux-arm64-musl': 4.61.1
      '@rollup/rollup-linux-x64-gnu': 4.61.1
      '@rollup/rollup-linux-x64-musl': 4.61.1
      '@rollup/rollup-win32-arm64-msvc': 4.61.1
      '@rollup/rollup-win32-x64-gnu': 4.61.1
      '@rollup/rollup-win32-x64-msvc': 4.61.1
      fsevents: 2.3.3

  semver@7.8.2: {}

  signal-exit@4.1.0: {}

  supports-color@7.2.0:
    dependencies:
      has-flag: 4.0.0

  supports-preserve-symlinks-flag@1.0.0: {}

  tslib@2.8.1: {}

  typescript@6.0.3: {}

  undici-types@7.18.2: {}
